<?xml version="1.0" encoding="utf-8"?>
<Project ToolsVersion="4.0" xmlns="http://schemas.microsoft.com/developer/msbuild/2003">
  <ItemGroup>
    <ClCompile Include="Alternate.cpp" />
    <ClCompile Include="AttackStrategy1.cpp" />
    <ClCompile Include="AttackStrategy2.cpp" />
    <ClCompile Include="AttackStrategy3.cpp" />
    <ClCompile Include="AttackStrategy4.cpp" />
    <ClCompile Include="DisplayOutput.cpp" />
    <ClCompile Include="GDE_3.cpp" />
    <ClCompile Include="GDE_3Doc.cpp" />
    <ClCompile Include="GDE_3View.cpp" />
    <ClCompile Include="MainFrm.cpp" />
    <ClCompile Include="OneGame.cpp" />
    <ClCompile Include="Player.cpp" />
    <ClCompile Include="Ship.cpp" />
    <ClCompile Include="stdafx.cpp" />
    <ClCompile Include="user.cpp" />
    <ClCompile Include="Graphics\Dib.cpp" />
    <ClCompile Include="Graphics\Graphicfunctions.cpp" />
    <ClCompile Include="Graphics\Shape.cpp" />
    <ClCompile Include="Console\Console.cpp" />
    <ClCompile Include="PlayerHistory.cpp" />
    <ClCompile Include="NGames.cpp" />
    <ClCompile Include="DefenseStrategy1.cpp" />
  </ItemGroup>
  <ItemGroup>
    <ClInclude Include="Alternate.h" />
    <ClInclude Include="AttackStrategy1.h" />
    <ClInclude Include="AttackStrategy2.h" />
    <ClInclude Include="AttackStrategy3.h" />
    <ClInclude Include="AttackStrategy4.h" />
    <ClInclude Include="DefenseStrategy1.h" />
    <ClInclude Include="DisplayOutput.h" />
    <ClInclude Include="GDE_3.h" />
    <ClInclude Include="GDE_3Doc.h" />
    <ClInclude Include="GDE_3View.h" />
    <ClInclude Include="Global_Definitions.h" />
    <ClInclude Include="Global_Definitions_Strategies.h" />
    <ClInclude Include="MainFrm.h" />
    <ClInclude Include="OneGame.h" />
    <ClInclude Include="Player.h" />
    <ClInclude Include="Resource.h" />
    <ClInclude Include="Ship.h" />
    <ClInclude Include="stdafx.h" />
    <ClInclude Include="User.h" />
    <ClInclude Include="Graphics\BaseException.h" />
    <ClInclude Include="Graphics\Dib.h" />
    <ClInclude Include="Graphics\Graphicfunctions.h" />
    <ClInclude Include="Graphics\Image.h" />
    <ClInclude Include="Graphics\PointerArray.h" />
    <ClInclude Include="Graphics\Shape.h" />
    <ClInclude Include="Console\Console.h" />
    <ClInclude Include="PlayerHistory.h" />
    <ClInclude Include="NGames.h" />
  </ItemGroup>
  <ItemGroup>
    <ResourceCompile Include="GDE_3.rc" />
  </ItemGroup>
  <ItemGroup>
    <None Include="ClassDiagram1.cd" />
    <None Include="res\GDE_3.ico" />
    <None Include="res\GDE_3.rc2" />
    <None Include="res\GDE_3Doc.ico" />
    <None Include="res\Toolbar.bmp" />
    <None Include="ReadMe.txt" />
  </ItemGroup>
</Project>